// !$*UTF8*$!
{
	archiveVersion = 1;
	classes = {
	};
	objectVersion = 56;
	objects = {

/* Begin PBXBuildFile section */
		7A1B00010000000000000001 /* FiveLinesApp.swift in Sources */ = {isa = PBXBuildFile; fileRef = 7A1A00010000000000000001 /* FiveLinesApp.swift */; };
		7A1B00010000000000000002 /* CloudGameModel.swift in Sources */ = {isa = PBXBuildFile; fileRef = 7A1A00010000000000000002 /* CloudGameModel.swift */; };
		7A1B00010000000000000003 /* CloudContentView.swift in Sources */ = {isa = PBXBuildFile; fileRef = 7A1A00010000000000000003 /* CloudContentView.swift */; };
		7A1B00010000000000000004 /* Assets.xcassets in Resources */ = {isa = PBXBuildFile; fileRef = 7A1A00010000000000000004 /* Assets.xcassets */; };
		7A1B00010000000000000005 /* midi.mp3 in Resources */ = {isa = PBXBuildFile; fileRef = 7A1A00010000000000000007 /* midi.mp3 */; };
		7A1B00010000000000000006 /* sy.mp3 in Resources */ = {isa = PBXBuildFile; fileRef = 7A1A00010000000000000008 /* sy.mp3 */; };
/* End PBXBuildFile section */

/* Begin PBXFileReference section */
		7A1A00010000000000000001 /* FiveLinesApp.swift */ = {isa = PBXFileReference; lastKnownFileType = sourcecode.swift; path = FiveLinesApp.swift; sourceTree = "<group>"; };
		7A1A00010000000000000002 /* CloudGameModel.swift */ = {isa = PBXFileReference; lastKnownFileType = sourcecode.swift; path = CloudGameModel.swift; sourceTree = "<group>"; };
		7A1A00010000000000000003 /* CloudContentView.swift */ = {isa = PBXFileReference; lastKnownFileType = sourcecode.swift; path = CloudContentView.swift; sourceTree = "<group>"; };
		7A1A00010000000000000004 /* Assets.xcassets */ = {isa = PBXFileReference; lastKnownFileType = folder.assetcatalog; path = Assets.xcassets; sourceTree = "<group>"; };
		7A1A00010000000000000005 /* Info.plist */ = {isa = PBXFileReference; lastKnownFileType = text.plist.xml; path = Info.plist; sourceTree = "<group>"; };
		7A1A00010000000000000006 /* FiveLines.app */ = {isa = PBXFileReference; explicitFileType = wrapper.application; includeInIndex = 0; path = FiveLines.app; sourceTree = BUILT_PRODUCTS_DIR; };
		7A1A00010000000000000007 /* midi.mp3 */ = {isa = PBXFileReference; lastKnownFileType = audio.mp3; path = midi.mp3; sourceTree = "<group>"; };
		7A1A00010000000000000008 /* sy.mp3 */ = {isa = PBXFileReference; lastKnownFileType = audio.mp3; path = sy.mp3; sourceTree = "<group>"; };
/* End PBXFileReference section */

/* Begin PBXFrameworksBuildPhase section */
		7A1C00010000000000000001 /* Frameworks */ = {
			isa = PBXFrameworksBuildPhase;
			buildActionMask = 2147483647;
			files = (
			);
			runOnlyForDeploymentPostprocessing = 0;
		};
/* End PBXFrameworksBuildPhase section */

/* Begin PBXGroup section */
		7A1D00010000000000000001 = {
			isa = PBXGroup;
			children = (
				7A1D00010000000000000002 /* Sources */,
				7A1D00010000000000000003 /* Resources */,
				7A1D00010000000000000004 /* Products */,
			);
			sourceTree = "<group>";
		};
		7A1D00010000000000000002 /* Sources */ = {
			isa = PBXGroup;
			children = (
				7A1A00010000000000000001 /* FiveLinesApp.swift */,
				7A1A00010000000000000002 /* CloudGameModel.swift */,
				7A1A00010000000000000003 /* CloudContentView.swift */,
			);
			path = Sources;
			sourceTree = "<group>";
		};
		7A1D00010000000000000003 /* Resources */ = {
			isa = PBXGroup;
			children = (
				7A1A00010000000000000004 /* Assets.xcassets */,
				7A1A00010000000000000005 /* Info.plist */,
				7A1A00010000000000000007 /* midi.mp3 */,
				7A1A00010000000000000008 /* sy.mp3 */,
			);
			path = .;
			sourceTree = "<group>";
		};
		7A1D00010000000000000004 /* Products */ = {
			isa = PBXGroup;
			children = (
				7A1A00010000000000000006 /* FiveLines.app */,
			);
			name = Products;
			sourceTree = "<group>";
		};
/* End PBXGroup section */

/* Begin PBXNativeTarget section */
		7A1E00010000000000000001 /* FiveLines */ = {
			isa = PBXNativeTarget;
			buildConfigurationList = 7A2000010000000000000002 /* Build configuration list for PBXNativeTarget "FiveLines" */;
			buildPhases = (
				7A1C00010000000000000002 /* Sources */,
				7A1C00010000000000000001 /* Frameworks */,
				7A1C00010000000000000003 /* Resources */,
			);
			buildRules = (
			);
			dependencies = (
			);
			name = FiveLines;
			productName = FiveLines;
			productReference = 7A1A00010000000000000006 /* FiveLines.app */;
			productType = "com.apple.product-type.application";
		};
/* End PBXNativeTarget section */

/* Begin PBXProject section */
		7A1E00010000000000000002 /* Project object */ = {
			isa = PBXProject;
			attributes = {
				LastSwiftUpdateCheck = 1600;
				LastUpgradeCheck = 1600;
				TargetAttributes = {
					7A1E00010000000000000001 = {
						CreatedOnToolsVersion = 16.0;
					};
				};
			};
			buildConfigurationList = 7A2000010000000000000001 /* Build configuration list for PBXProject "FiveLines" */;
			compatibilityVersion = "Xcode 14.0";
			developmentRegion = en;
			hasScannedForEncodings = 0;
			knownRegions = (
				en,
				Base,
			);
			mainGroup = 7A1D00010000000000000001;
			productRefGroup = 7A1D00010000000000000004 /* Products */;
			projectDirPath = "";
			projectRoot = "";
			targets = (
				7A1E00010000000000000001 /* FiveLines */,
			);
		};
/* End PBXProject section */

/* Begin PBXResourcesBuildPhase section */
		7A1C00010000000000000003 /* Resources */ = {
			isa = PBXResourcesBuildPhase;
			buildActionMask = 2147483647;
			files = (
				7A1B00010000000000000004 /* Assets.xcassets in Resources */,
				7A1B00010000000000000005 /* midi.mp3 in Resources */,
				7A1B00010000000000000006 /* sy.mp3 in Resources */,
			);
			runOnlyForDeploymentPostprocessing = 0;
		};
/* End PBXResourcesBuildPhase section */

/* Begin PBXSourcesBuildPhase section */
		7A1C00010000000000000002 /* Sources */ = {
			isa = PBXSourcesBuildPhase;
			buildActionMask = 2147483647;
			files = (
				7A1B00010000000000000001 /* FiveLinesApp.swift in Sources */,
				7A1B00010000000000000002 /* CloudGameModel.swift in Sources */,
				7A1B00010000000000000003 /* CloudContentView.swift in Sources */,
			);
			runOnlyForDeploymentPostprocessing = 0;
		};
/* End PBXSourcesBuildPhase section */

/* Begin XCBuildConfiguration section */
		7A1F00010000000000000001 /* Debug */ = {
			isa = XCBuildConfiguration;
			buildSettings = {
				ALWAYS_SEARCH_USER_PATHS = NO;
				CLANG_ENABLE_MODULES = YES;
				CLANG_ENABLE_OBJC_ARC = YES;
				IPHONEOS_DEPLOYMENT_TARGET = 16.0;
				SDKROOT = iphoneos;
				SWIFT_VERSION = 5.0;
			};
			name = Debug;
		};
		7A1F00010000000000000002 /* Release */ = {
			isa = XCBuildConfiguration;
			buildSettings = {
				ALWAYS_SEARCH_USER_PATHS = NO;
				CLANG_ENABLE_MODULES = YES;
				CLANG_ENABLE_OBJC_ARC = YES;
				IPHONEOS_DEPLOYMENT_TARGET = 16.0;
				SDKROOT = iphoneos;
				SWIFT_VERSION = 5.0;
			};
			name = Release;
		};
		7A1F00010000000000000003 /* Debug */ = {
			isa = XCBuildConfiguration;
			buildSettings = {
				ASSETCATALOG_COMPILER_GLOBAL_ACCENT_COLOR_NAME = AccentColor;
				CODE_SIGN_STYLE = Automatic;
				DEVELOPMENT_TEAM = "";
				GENERATE_INFOPLIST_FILE = NO;
				INFOPLIST_FILE = Info.plist;
				IPHONEOS_DEPLOYMENT_TARGET = 16.0;
				PRODUCT_BUNDLE_IDENTIFIER = com.example.fivelines;
				PRODUCT_NAME = "$(TARGET_NAME)";
				SWIFT_EMIT_LOC_STRINGS = YES;
				SWIFT_VERSION = 5.0;
				TARGETED_DEVICE_FAMILY = "1,2";
			};
			name = Debug;
		};
		7A1F00010000000000000004 /* Release */ = {
			isa = XCBuildConfiguration;
			buildSettings = {
				ASSETCATALOG_COMPILER_GLOBAL_ACCENT_COLOR_NAME = AccentColor;
				CODE_SIGN_STYLE = Automatic;
				DEVELOPMENT_TEAM = "";
				GENERATE_INFOPLIST_FILE = NO;
				INFOPLIST_FILE = Info.plist;
				IPHONEOS_DEPLOYMENT_TARGET = 16.0;
				PRODUCT_BUNDLE_IDENTIFIER = com.example.fivelines;
				PRODUCT_NAME = "$(TARGET_NAME)";
				SWIFT_EMIT_LOC_STRINGS = YES;
				SWIFT_VERSION = 5.0;
				TARGETED_DEVICE_FAMILY = "1,2";
			};
			name = Release;
		};
/* End XCBuildConfiguration section */

/* Begin XCConfigurationList section */
		7A2000010000000000000001 /* Build configuration list for PBXProject "FiveLines" */ = {
			isa = XCConfigurationList;
			buildConfigurations = (
				7A1F00010000000000000001 /* Debug */,
				7A1F00010000000000000002 /* Release */,
			);
			defaultConfigurationIsVisible = 0;
			defaultConfigurationName = Release;
		};
		7A2000010000000000000002 /* Build configuration list for PBXNativeTarget "FiveLines" */ = {
			isa = XCConfigurationList;
			buildConfigurations = (
				7A1F00010000000000000003 /* Debug */,
				7A1F00010000000000000004 /* Release */,
			);
			defaultConfigurationIsVisible = 0;
			defaultConfigurationName = Release;
		};
/* End XCConfigurationList section */
	};
	rootObject = 7A1E00010000000000000002 /* Project object */;
}
